// !$*UTF8*$!
{
	archiveVersion = 1;
	classes = {
	};
	objectVersion = 51;
	objects = {

/* Begin PBXBuildFile section */
		6E226BC22499526700636E03 /* AppDelegate.swift in Sources */ = {isa = PBXBuildFile; fileRef = 6E226BC12499526700636E03 /* AppDelegate.swift */; };
		6E226BC42499526700636E03 /* SceneDelegate.swift in Sources */ = {isa = PBXBuildFile; fileRef = 6E226BC32499526700636E03 /* SceneDelegate.swift */; };
		6E226BC62499526700636E03 /* LivenessViewController.swift in Sources */ = {isa = PBXBuildFile; fileRef = 6E226BC52499526700636E03 /* LivenessViewController.swift */; };
		6E226BC92499526700636E03 /* Main.storyboard in Resources */ = {isa = PBXBuildFile; fileRef = 6E226BC72499526700636E03 /* Main.storyboard */; };
		6E226BCB2499526B00636E03 /* Assets.xcassets in Resources */ = {isa = PBXBuildFile; fileRef = 6E226BCA2499526B00636E03 /* Assets.xcassets */; };
		6E226BCE2499526B00636E03 /* LaunchScreen.storyboard in Resources */ = {isa = PBXBuildFile; fileRef = 6E226BCC2499526B00636E03 /* LaunchScreen.storyboard */; };
		6E226BD6249956C200636E03 /* CameraPreview.swift in Sources */ = {isa = PBXBuildFile; fileRef = 6E226BD5249956C200636E03 /* CameraPreview.swift */; };
		6E54FF22249A5DBF00E3F8BE /* GoogleService-Info.plist in Resources */ = {isa = PBXBuildFile; fileRef = 6E54FF21249A5DBE00E3F8BE /* GoogleService-Info.plist */; };
		80C3456CE011DC43D2D6C568 /* Pods_LivenessCheck_MLKIT.framework in Frameworks */ = {isa = PBXBuildFile; fileRef = DF6CC1380B2743FE40189CD4 /* Pods_LivenessCheck_MLKIT.framework */; };
/* End PBXBuildFile section */

/* Begin PBXFileReference section */
		6E226BBE2499526700636E03 /* LivenessCheck-MLKIT.app */ = {isa = PBXFileReference; explicitFileType = wrapper.application; includeInIndex = 0; path = "LivenessCheck-MLKIT.app"; sourceTree = BUILT_PRODUCTS_DIR; };
		6E226BC12499526700636E03 /* AppDelegate.swift */ = {isa = PBXFileReference; lastKnownFileType = sourcecode.swift; path = AppDelegate.swift; sourceTree = "<group>"; };
		6E226BC32499526700636E03 /* SceneDelegate.swift */ = {isa = PBXFileReference; lastKnownFileType = sourcecode.swift; path = SceneDelegate.swift; sourceTree = "<group>"; };
		6E226BC52499526700636E03 /* LivenessViewController.swift */ = {isa = PBXFileReference; lastKnownFileType = sourcecode.swift; path = LivenessViewController.swift; sourceTree = "<group>"; };
		6E226BC82499526700636E03 /* Base */ = {isa = PBXFileReference; lastKnownFileType = file.storyboard; name = Base; path = Base.lproj/Main.storyboard; sourceTree = "<group>"; };
		6E226BCA2499526B00636E03 /* Assets.xcassets */ = {isa = PBXFileReference; lastKnownFileType = folder.assetcatalog; path = Assets.xcassets; sourceTree = "<group>"; };
		6E226BCD2499526B00636E03 /* Base */ = {isa = PBXFileReference; lastKnownFileType = file.storyboard; name = Base; path = Base.lproj/LaunchScreen.storyboard; sourceTree = "<group>"; };
		6E226BCF2499526B00636E03 /* Info.plist */ = {isa = PBXFileReference; lastKnownFileType = text.plist.xml; path = Info.plist; sourceTree = "<group>"; };
		6E226BD5249956C200636E03 /* CameraPreview.swift */ = {isa = PBXFileReference; fileEncoding = 4; lastKnownFileType = sourcecode.swift; path = CameraPreview.swift; sourceTree = "<group>"; };
		6E54FF21249A5DBE00E3F8BE /* GoogleService-Info.plist */ = {isa = PBXFileReference; fileEncoding = 4; lastKnownFileType = text.plist.xml; path = "GoogleService-Info.plist"; sourceTree = "<group>"; };
		A825898EFC5777B97D3AAFE6 /* Pods-LivenessCheck-MLKIT.release.xcconfig */ = {isa = PBXFileReference; includeInIndex = 1; lastKnownFileType = text.xcconfig; name = "Pods-LivenessCheck-MLKIT.release.xcconfig"; path = "Target Support Files/Pods-LivenessCheck-MLKIT/Pods-LivenessCheck-MLKIT.release.xcconfig"; sourceTree = "<group>"; };
		DF6CC1380B2743FE40189CD4 /* Pods_LivenessCheck_MLKIT.framework */ = {isa = PBXFileReference; explicitFileType = wrapper.framework; includeInIndex = 0; path = Pods_LivenessCheck_MLKIT.framework; sourceTree = BUILT_PRODUCTS_DIR; };
		FB861310A8CB32A48FF948A3 /* Pods-LivenessCheck-MLKIT.debug.xcconfig */ = {isa = PBXFileReference; includeInIndex = 1; lastKnownFileType = text.xcconfig; name = "Pods-LivenessCheck-MLKIT.debug.xcconfig"; path = "Target Support Files/Pods-LivenessCheck-MLKIT/Pods-LivenessCheck-MLKIT.debug.xcconfig"; sourceTree = "<group>"; };
/* End PBXFileReference section */

/* Begin PBXFrameworksBuildPhase section */
		6E226BBB2499526700636E03 /* Frameworks */ = {
			isa = PBXFrameworksBuildPhase;
			buildActionMask = 2147483647;
			files = (
				80C3456CE011DC43D2D6C568 /* Pods_LivenessCheck_MLKIT.framework in Frameworks */,
			);
			runOnlyForDeploymentPostprocessing = 0;
		};
/* End PBXFrameworksBuildPhase section */

/* Begin PBXGroup section */
		03AECDB2DC927B67D7239B7C /* Pods */ = {
			isa = PBXGroup;
			children = (
				FB861310A8CB32A48FF948A3 /* Pods-LivenessCheck-MLKIT.debug.xcconfig */,
				A825898EFC5777B97D3AAFE6 /* Pods-LivenessCheck-MLKIT.release.xcconfig */,
			);
			path = Pods;
			sourceTree = "<group>";
		};
		6E226BB52499526700636E03 = {
			isa = PBXGroup;
			children = (
				6E226BC02499526700636E03 /* LivenessCheck-MLKIT */,
				6E226BBF2499526700636E03 /* Products */,
				03AECDB2DC927B67D7239B7C /* Pods */,
				A0C1444B987C6AE2B17E9E43 /* Frameworks */,
			);
			sourceTree = "<group>";
		};
		6E226BBF2499526700636E03 /* Products */ = {
			isa = PBXGroup;
			children = (
				6E226BBE2499526700636E03 /* LivenessCheck-MLKIT.app */,
			);
			name = Products;
			sourceTree = "<group>";
		};
		6E226BC02499526700636E03 /* LivenessCheck-MLKIT */ = {
			isa = PBXGroup;
			children = (
				6E54FF21249A5DBE00E3F8BE /* GoogleService-Info.plist */,
				6E226BD5249956C200636E03 /* CameraPreview.swift */,
				6E226BC12499526700636E03 /* AppDelegate.swift */,
				6E226BC32499526700636E03 /* SceneDelegate.swift */,
				6E226BC52499526700636E03 /* LivenessViewController.swift */,
				6E226BC72499526700636E03 /* Main.storyboard */,
				6E226BCA2499526B00636E03 /* Assets.xcassets */,
				6E226BCC2499526B00636E03 /* LaunchScreen.storyboard */,
				6E226BCF2499526B00636E03 /* Info.plist */,
			);
			path = "LivenessCheck-MLKIT";
			sourceTree = "<group>";
		};
		A0C1444B987C6AE2B17E9E43 /* Frameworks */ = {
			isa = PBXGroup;
			children = (
				DF6CC1380B2743FE40189CD4 /* Pods_LivenessCheck_MLKIT.framework */,
			);
			name = Frameworks;
			sourceTree = "<group>";
		};
/* End PBXGroup section */

/* Begin PBXNativeTarget section */
		6E226BBD2499526700636E03 /* LivenessCheck-MLKIT */ = {
			isa = PBXNativeTarget;
			buildConfigurationList = 6E226BD22499526B00636E03 /* Build configuration list for PBXNativeTarget "LivenessCheck-MLKIT" */;
			buildPhases = (
				1B3CE7E56B454A4423C7C9AD /* [CP] Check Pods Manifest.lock */,
				6E226BBA2499526700636E03 /* Sources */,
				6E226BBB2499526700636E03 /* Frameworks */,
				6E226BBC2499526700636E03 /* Resources */,
				F9F92AF86128C10FCC87754D /* [CP] Embed Pods Frameworks */,
				13C5A2F14E241B356CB17576 /* [CP] Copy Pods Resources */,
			);
			buildRules = (
			);
			dependencies = (
			);
			name = "LivenessCheck-MLKIT";
			productName = "LivenessCheck-MLKIT";
			productReference = 6E226BBE2499526700636E03 /* LivenessCheck-MLKIT.app */;
			productType = "com.apple.product-type.application";
		};
/* End PBXNativeTarget section */

/* Begin PBXProject section */
		6E226BB62499526700636E03 /* Project object */ = {
			isa = PBXProject;
			attributes = {
				LastSwiftUpdateCheck = 1140;
				LastUpgradeCheck = 1140;
				ORGANIZATIONNAME = "Abdul Basit";
				TargetAttributes = {
					6E226BBD2499526700636E03 = {
						CreatedOnToolsVersion = 11.4;
					};
				};
			};
			buildConfigurationList = 6E226BB92499526700636E03 /* Build configuration list for PBXProject "LivenessCheck-MLKIT" */;
			compatibilityVersion = "Xcode 9.3";
			developmentRegion = en;
			hasScannedForEncodings = 0;
			knownRegions = (
				en,
				Base,
			);
			mainGroup = 6E226BB52499526700636E03;
			productRefGroup = 6E226BBF2499526700636E03 /* Products */;
			projectDirPath = "";
			projectRoot = "";
			targets = (
				6E226BBD2499526700636E03 /* LivenessCheck-MLKIT */,
			);
		};
/* End PBXProject section */

/* Begin PBXResourcesBuildPhase section */
		6E226BBC2499526700636E03 /* Resources */ = {
			isa = PBXResourcesBuildPhase;
			buildActionMask = 2147483647;
			files = (
				6E226BCE2499526B00636E03 /* LaunchScreen.storyboard in Resources */,
				6E54FF22249A5DBF00E3F8BE /* GoogleService-Info.plist in Resources */,
				6E226BCB2499526B00636E03 /* Assets.xcassets in Resources */,
				6E226BC92499526700636E03 /* Main.storyboard in Resources */,
			);
			runOnlyForDeploymentPostprocessing = 0;
		};
/* End PBXResourcesBuildPhase section */

/* Begin PBXShellScriptBuildPhase section */
		13C5A2F14E241B356CB17576 /* [CP] Copy Pods Resources */ = {
			isa = PBXShellScriptBuildPhase;
			buildActionMask = 2147483647;
			files = (
			);
			inputFileListPaths = (
				"${PODS_ROOT}/Target Support Files/Pods-LivenessCheck-MLKIT/Pods-LivenessCheck-MLKIT-resources-${CONFIGURATION}-input-files.xcfilelist",
			);
			name = "[CP] Copy Pods Resources";
			outputFileListPaths = (
				"${PODS_ROOT}/Target Support Files/Pods-LivenessCheck-MLKIT/Pods-LivenessCheck-MLKIT-resources-${CONFIGURATION}-output-files.xcfilelist",
			);
			runOnlyForDeploymentPostprocessing = 0;
			shellPath = /bin/sh;
			shellScript = "\"${PODS_ROOT}/Target Support Files/Pods-LivenessCheck-MLKIT/Pods-LivenessCheck-MLKIT-resources.sh\"\n";
			showEnvVarsInLog = 0;
		};
		1B3CE7E56B454A4423C7C9AD /* [CP] Check Pods Manifest.lock */ = {
			isa = PBXShellScriptBuildPhase;
			buildActionMask = 2147483647;
			files = (
			);
			inputFileListPaths = (
			);
			inputPaths = (
				"${PODS_PODFILE_DIR_PATH}/Podfile.lock",
				"${PODS_ROOT}/Manifest.lock",
			);
			name = "[CP] Check Pods Manifest.lock";
			outputFileListPaths = (
			);
			outputPaths = (
				"$(DERIVED_FILE_DIR)/Pods-LivenessCheck-MLKIT-checkManifestLockResult.txt",
			);
			runOnlyForDeploymentPostprocessing = 0;
			shellPath = /bin/sh;
			shellScript = "diff \"${PODS_PODFILE_DIR_PATH}/Podfile.lock\" \"${PODS_ROOT}/Manifest.lock\" > /dev/null\nif [ $? != 0 ] ; then\n    # print error to STDERR\n    echo \"error: The sandbox is not in sync with the Podfile.lock. Run 'pod install' or update your CocoaPods installation.\" >&2\n    exit 1\nfi\n# This output is used by Xcode 'outputs' to avoid re-running this script phase.\necho \"SUCCESS\" > \"${SCRIPT_OUTPUT_FILE_0}\"\n";
			showEnvVarsInLog = 0;
		};
		F9F92AF86128C10FCC87754D /* [CP] Embed Pods Frameworks */ = {
			isa = PBXShellScriptBuildPhase;
			buildActionMask = 2147483647;
			files = (
			);
			inputFileListPaths = (
				"${PODS_ROOT}/Target Support Files/Pods-LivenessCheck-MLKIT/Pods-LivenessCheck-MLKIT-frameworks-${CONFIGURATION}-input-files.xcfilelist",
			);
			name = "[CP] Embed Pods Frameworks";
			outputFileListPaths = (
				"${PODS_ROOT}/Target Support Files/Pods-LivenessCheck-MLKIT/Pods-LivenessCheck-MLKIT-frameworks-${CONFIGURATION}-output-files.xcfilelist",
			);
			runOnlyForDeploymentPostprocessing = 0;
			shellPath = /bin/sh;
			shellScript = "\"${PODS_ROOT}/Target Support Files/Pods-LivenessCheck-MLKIT/Pods-LivenessCheck-MLKIT-frameworks.sh\"\n";
			showEnvVarsInLog = 0;
		};
/* End PBXShellScriptBuildPhase section */

/* Begin PBXSourcesBuildPhase section */
		6E226BBA2499526700636E03 /* Sources */ = {
			isa = PBXSourcesBuildPhase;
			buildActionMask = 2147483647;
			files = (
				6E226BD6249956C200636E03 /* CameraPreview.swift in Sources */,
				6E226BC62499526700636E03 /* LivenessViewController.swift in Sources */,
				6E226BC22499526700636E03 /* AppDelegate.swift in Sources */,
				6E226BC42499526700636E03 /* SceneDelegate.swift in Sources */,
			);
			runOnlyForDeploymentPostprocessing = 0;
		};
/* End PBXSourcesBuildPhase section */

/* Begin PBXVariantGroup section */
		6E226BC72499526700636E03 /* Main.storyboard */ = {
			isa = PBXVariantGroup;
			children = (
				6E226BC82499526700636E03 /* Base */,
			);
			name = Main.storyboard;
			sourceTree = "<group>";
		};
		6E226BCC2499526B00636E03 /* LaunchScreen.storyboard */ = {
			isa = PBXVariantGroup;
			children = (
				6E226BCD2499526B00636E03 /* Base */,
			);
			name = LaunchScreen.storyboard;
			sourceTree = "<group>";
		};
/* End PBXVariantGroup section */

/* Begin XCBuildConfiguration section */
		6E226BD02499526B00636E03 /* Debug */ = {
			isa = XCBuildConfiguration;
			buildSettings = {
				ALWAYS_SEARCH_USER_PATHS = NO;
				CLANG_ANALYZER_NONNULL = YES;
				CLANG_ANALYZER_NUMBER_OBJECT_CONVERSION = YES_AGGRESSIVE;
				CLANG_CXX_LANGUAGE_STANDARD = "gnu++14";
				CLANG_CXX_LIBRARY = "libc++";
				CLANG_ENABLE_MODULES = YES;
				CLANG_ENABLE_OBJC_ARC = YES;
				CLANG_ENABLE_OBJC_WEAK = YES;
				CLANG_WARN_BLOCK_CAPTURE_AUTORELEASING = YES;
				CLANG_WARN_BOOL_CONVERSION = YES;
				CLANG_WARN_COMMA = YES;
				CLANG_WARN_CONSTANT_CONVERSION = YES;
				CLANG_WARN_DEPRECATED_OBJC_IMPLEMENTATIONS = YES;
				CLANG_WARN_DIRECT_OBJC_ISA_USAGE = YES_ERROR;
				CLANG_WARN_DOCUMENTATION_COMMENTS = YES;
				CLANG_WARN_EMPTY_BODY = YES;
				CLANG_WARN_ENUM_CONVERSION = YES;
				CLANG_WARN_INFINITE_RECURSION = YES;
				CLANG_WARN_INT_CONVERSION = YES;
				CLANG_WARN_NON_LITERAL_NULL_CONVERSION = YES;
				CLANG_WARN_OBJC_IMPLICIT_RETAIN_SELF = YES;
				CLANG_WARN_OBJC_LITERAL_CONVERSION = YES;
				CLANG_WARN_OBJC_ROOT_CLASS = YES_ERROR;
				CLANG_WARN_RANGE_LOOP_ANALYSIS = YES;
				CLANG_WARN_STRICT_PROTOTYPES = YES;
				CLANG_WARN_SUSPICIOUS_MOVE = YES;
				CLANG_WARN_UNGUARDED_AVAILABILITY = YES_AGGRESSIVE;
				CLANG_WARN_UNREACHABLE_CODE = YES;
				CLANG_WARN__DUPLICATE_METHOD_MATCH = YES;
				COPY_PHASE_STRIP = NO;
				DEBUG_INFORMATION_FORMAT = dwarf;
				ENABLE_STRICT_OBJC_MSGSEND = YES;
				ENABLE_TESTABILITY = YES;
				GCC_C_LANGUAGE_STANDARD = gnu11;
				GCC_DYNAMIC_NO_PIC = NO;
				GCC_NO_COMMON_BLOCKS = YES;
				GCC_OPTIMIZATION_LEVEL = 0;
				GCC_PREPROCESSOR_DEFINITIONS = (
					"DEBUG=1",
					"$(inherited)",
				);
				GCC_WARN_64_TO_32_BIT_CONVERSION = YES;
				GCC_WARN_ABOUT_RETURN_TYPE = YES_ERROR;
				GCC_WARN_UNDECLARED_SELECTOR = YES;
				GCC_WARN_UNINITIALIZED_AUTOS = YES_AGGRESSIVE;
				GCC_WARN_UNUSED_FUNCTION = YES;
				GCC_WARN_UNUSED_VARIABLE = YES;
				IPHONEOS_DEPLOYMENT_TARGET = 13.4;
				MTL_ENABLE_DEBUG_INFO = INCLUDE_SOURCE;
				MTL_FAST_MATH = YES;
				ONLY_ACTIVE_ARCH = YES;
				SDKROOT = iphoneos;
				SWIFT_ACTIVE_COMPILATION_CONDITIONS = DEBUG;
				SWIFT_OPTIMIZATION_LEVEL = "-Onone";
			};
			name = Debug;
		};
		6E226BD12499526B00636E03 /* Release */ = {
			isa = XCBuildConfiguration;
			buildSettings = {
				ALWAYS_SEARCH_USER_PATHS = NO;
				CLANG_ANALYZER_NONNULL = YES;
				CLANG_ANALYZER_NUMBER_OBJECT_CONVERSION = YES_AGGRESSIVE;
				CLANG_CXX_LANGUAGE_STANDARD = "gnu++14";
				CLANG_CXX_LIBRARY = "libc++";
				CLANG_ENABLE_MODULES = YES;
				CLANG_ENABLE_OBJC_ARC = YES;
				CLANG_ENABLE_OBJC_WEAK = YES;
				CLANG_WARN_BLOCK_CAPTURE_AUTORELEASING = YES;
				CLANG_WARN_BOOL_CONVERSION = YES;
				CLANG_WARN_COMMA = YES;
				CLANG_WARN_CONSTANT_CONVERSION = YES;
				CLANG_WARN_DEPRECATED_OBJC_IMPLEMENTATIONS = YES;
				CLANG_WARN_DIRECT_OBJC_ISA_USAGE = YES_ERROR;
				CLANG_WARN_DOCUMENTATION_COMMENTS = YES;
				CLANG_WARN_EMPTY_BODY = YES;
				CLANG_WARN_ENUM_CONVERSION = YES;
				CLANG_WARN_INFINITE_RECURSION = YES;
				CLANG_WARN_INT_CONVERSION = YES;
				CLANG_WARN_NON_LITERAL_NULL_CONVERSION = YES;
				CLANG_WARN_OBJC_IMPLICIT_RETAIN_SELF = YES;
				CLANG_WARN_OBJC_LITERAL_CONVERSION = YES;
				CLANG_WARN_OBJC_ROOT_CLASS = YES_ERROR;
				CLANG_WARN_RANGE_LOOP_ANALYSIS = YES;
				CLANG_WARN_STRICT_PROTOTYPES = YES;
				CLANG_WARN_SUSPICIOUS_MOVE = YES;
				CLANG_WARN_UNGUARDED_AVAILABILITY = YES_AGGRESSIVE;
				CLANG_WARN_UNREACHABLE_CODE = YES;
				CLANG_WARN__DUPLICATE_METHOD_MATCH = YES;
				COPY_PHASE_STRIP = NO;
				DEBUG_INFORMATION_FORMAT = "dwarf-with-dsym";
				ENABLE_NS_ASSERTIONS = NO;
				ENABLE_STRICT_OBJC_MSGSEND = YES;
				GCC_C_LANGUAGE_STANDARD = gnu11;
				GCC_NO_COMMON_BLOCKS = YES;
				GCC_WARN_64_TO_32_BIT_CONVERSION = YES;
				GCC_WARN_ABOUT_RETURN_TYPE = YES_ERROR;
				GCC_WARN_UNDECLARED_SELECTOR = YES;
				GCC_WARN_UNINITIALIZED_AUTOS = YES_AGGRESSIVE;
				GCC_WARN_UNUSED_FUNCTION = YES;
				GCC_WARN_UNUSED_VARIABLE = YES;
				IPHONEOS_DEPLOYMENT_TARGET = 13.4;
				MTL_ENABLE_DEBUG_INFO = NO;
				MTL_FAST_MATH = YES;
				SDKROOT = iphoneos;
				SWIFT_COMPILATION_MODE = wholemodule;
				SWIFT_OPTIMIZATION_LEVEL = "-O";
				VALIDATE_PRODUCT = YES;
			};
			name = Release;
		};
		6E226BD32499526B00636E03 /* Debug */ = {
			isa = XCBuildConfiguration;
			baseConfigurationReference = FB861310A8CB32A48FF948A3 /* Pods-LivenessCheck-MLKIT.debug.xcconfig */;
			buildSettings = {
				ASSETCATALOG_COMPILER_APPICON_NAME = AppIcon;
				CODE_SIGN_STYLE = Automatic;
				DEVELOPMENT_TEAM = R7T4F6ZD55;
				INFOPLIST_FILE = "LivenessCheck-MLKIT/Info.plist";
				LD_RUNPATH_SEARCH_PATHS = (
					"$(inherited)",
					"@executable_path/Frameworks",
				);
				PRODUCT_BUNDLE_IDENTIFIER = com.veripark.product.vbmb.kiosk;
				PRODUCT_NAME = "$(TARGET_NAME)";
				SWIFT_VERSION = 5.0;
				TARGETED_DEVICE_FAMILY = "1,2";
			};
			name = Debug;
		};
		6E226BD42499526B00636E03 /* Release */ = {
			isa = XCBuildConfiguration;
			baseConfigurationReference = A825898EFC5777B97D3AAFE6 /* Pods-LivenessCheck-MLKIT.release.xcconfig */;
			buildSettings = {
				ASSETCATALOG_COMPILER_APPICON_NAME = AppIcon;
				CODE_SIGN_STYLE = Automatic;
				DEVELOPMENT_TEAM = R7T4F6ZD55;
				INFOPLIST_FILE = "LivenessCheck-MLKIT/Info.plist";
				LD_RUNPATH_SEARCH_PATHS = (
					"$(inherited)",
					"@executable_path/Frameworks",
				);
				PRODUCT_BUNDLE_IDENTIFIER = com.veripark.product.vbmb.kiosk;
				PRODUCT_NAME = "$(TARGET_NAME)";
				SWIFT_VERSION = 5.0;
				TARGETED_DEVICE_FAMILY = "1,2";
			};
			name = Release;
		};
/* End XCBuildConfiguration section */

/* Begin XCConfigurationList section */
		6E226BB92499526700636E03 /* Build configuration list for PBXProject "LivenessCheck-MLKIT" */ = {
			isa = XCConfigurationList;
			buildConfigurations = (
				6E226BD02499526B00636E03 /* Debug */,
				6E226BD12499526B00636E03 /* Release */,
			);
			defaultConfigurationIsVisible = 0;
			defaultConfigurationName = Release;
		};
		6E226BD22499526B00636E03 /* Build configuration list for PBXNativeTarget "LivenessCheck-MLKIT" */ = {
			isa = XCConfigurationList;
			buildConfigurations = (
				6E226BD32499526B00636E03 /* Debug */,
				6E226BD42499526B00636E03 /* Release */,
			);
			defaultConfigurationIsVisible = 0;
			defaultConfigurationName = Release;
		};
/* End XCConfigurationList section */
	};
	rootObject = 6E226BB62499526700636E03 /* Project object */;
}
